// !$*UTF8*$!
{
	archiveVersion = 1;
	classes = {
	};
	objectVersion = 46;
	objects = {

/* Begin PBXBuildFile section */
		77098C771CFAB2D9009A8B9C /* holeStatus.swift in Sources */ = {isa = PBXBuildFile; fileRef = 77098C761CFAB2D9009A8B9C /* holeStatus.swift */; };
		77E4091D1CDA590C00D6424E /* AppDelegate.swift in Sources */ = {isa = PBXBuildFile; fileRef = 77E4091C1CDA590C00D6424E /* AppDelegate.swift */; };
		77E4091F1CDA590D00D6424E /* GameScene.sks in Resources */ = {isa = PBXBuildFile; fileRef = 77E4091E1CDA590D00D6424E /* GameScene.sks */; };
		77E409211CDA590D00D6424E /* GameScene.swift in Sources */ = {isa = PBXBuildFile; fileRef = 77E409201CDA590D00D6424E /* GameScene.swift */; };
		77E409231CDA590D00D6424E /* GameViewController.swift in Sources */ = {isa = PBXBuildFile; fileRef = 77E409221CDA590D00D6424E /* GameViewController.swift */; };
		77E409261CDA590D00D6424E /* Main.storyboard in Resources */ = {isa = PBXBuildFile; fileRef = 77E409241CDA590D00D6424E /* Main.storyboard */; };
		77E409281CDA590D00D6424E /* Assets.xcassets in Resources */ = {isa = PBXBuildFile; fileRef = 77E409271CDA590D00D6424E /* Assets.xcassets */; };
		77E4092B1CDA590D00D6424E /* LaunchScreen.storyboard in Resources */ = {isa = PBXBuildFile; fileRef = 77E409291CDA590D00D6424E /* LaunchScreen.storyboard */; };
		77E409361CDA590D00D6424E /* Crazy_DriveTests.swift in Sources */ = {isa = PBXBuildFile; fileRef = 77E409351CDA590D00D6424E /* Crazy_DriveTests.swift */; };
		77E409411CDA590D00D6424E /* Crazy_DriveUITests.swift in Sources */ = {isa = PBXBuildFile; fileRef = 77E409401CDA590D00D6424E /* Crazy_DriveUITests.swift */; };
		77E4094F1CDA5A4200D6424E /* Shape.swift in Sources */ = {isa = PBXBuildFile; fileRef = 77E4094E1CDA5A4200D6424E /* Shape.swift */; };
		77E409511CDA5C0C00D6424E /* imageManager.swift in Sources */ = {isa = PBXBuildFile; fileRef = 77E409501CDA5C0C00D6424E /* imageManager.swift */; };
		77E409D11CE63B1300D6424E /* Holes.swift in Sources */ = {isa = PBXBuildFile; fileRef = 77E409D01CE63B1300D6424E /* Holes.swift */; };
		77E409D31CE63C4900D6424E /* Truck.swift in Sources */ = {isa = PBXBuildFile; fileRef = 77E409D21CE63C4900D6424E /* Truck.swift */; };
		77E409D51CE63D4400D6424E /* BackGround.swift in Sources */ = {isa = PBXBuildFile; fileRef = 77E409D41CE63D4400D6424E /* BackGround.swift */; };
/* End PBXBuildFile section */

/* Begin PBXContainerItemProxy section */
		77E409321CDA590D00D6424E /* PBXContainerItemProxy */ = {
			isa = PBXContainerItemProxy;
			containerPortal = 77E409111CDA590C00D6424E /* Project object */;
			proxyType = 1;
			remoteGlobalIDString = 77E409181CDA590C00D6424E;
			remoteInfo = "Crazy Drive";
		};
		77E4093D1CDA590D00D6424E /* PBXContainerItemProxy */ = {
			isa = PBXContainerItemProxy;
			containerPortal = 77E409111CDA590C00D6424E /* Project object */;
			proxyType = 1;
			remoteGlobalIDString = 77E409181CDA590C00D6424E;
			remoteInfo = "Crazy Drive";
		};
/* End PBXContainerItemProxy section */

/* Begin PBXFileReference section */
		77098C761CFAB2D9009A8B9C /* holeStatus.swift */ = {isa = PBXFileReference; fileEncoding = 4; lastKnownFileType = sourcecode.swift; path = holeStatus.swift; sourceTree = "<group>"; };
		77E409191CDA590C00D6424E /* Crazy Drive.app */ = {isa = PBXFileReference; explicitFileType = wrapper.application; includeInIndex = 0; path = "Crazy Drive.app"; sourceTree = BUILT_PRODUCTS_DIR; };
		77E4091C1CDA590C00D6424E /* AppDelegate.swift */ = {isa = PBXFileReference; lastKnownFileType = sourcecode.swift; path = AppDelegate.swift; sourceTree = "<group>"; };
		77E4091E1CDA590D00D6424E /* GameScene.sks */ = {isa = PBXFileReference; lastKnownFileType = file.sks; path = GameScene.sks; sourceTree = "<group>"; };
		77E409201CDA590D00D6424E /* GameScene.swift */ = {isa = PBXFileReference; lastKnownFileType = sourcecode.swift; path = GameScene.swift; sourceTree = "<group>"; };
		77E409221CDA590D00D6424E /* GameViewController.swift */ = {isa = PBXFileReference; lastKnownFileType = sourcecode.swift; path = GameViewController.swift; sourceTree = "<group>"; };
		77E409251CDA590D00D6424E /* Base */ = {isa = PBXFileReference; lastKnownFileType = file.storyboard; name = Base; path = Base.lproj/Main.storyboard; sourceTree = "<group>"; };
		77E409271CDA590D00D6424E /* Assets.xcassets */ = {isa = PBXFileReference; lastKnownFileType = folder.assetcatalog; path = Assets.xcassets; sourceTree = "<group>"; };
		77E4092A1CDA590D00D6424E /* Base */ = {isa = PBXFileReference; lastKnownFileType = file.storyboard; name = Base; path = Base.lproj/LaunchScreen.storyboard; sourceTree = "<group>"; };
		77E4092C1CDA590D00D6424E /* Info.plist */ = {isa = PBXFileReference; lastKnownFileType = text.plist.xml; path = Info.plist; sourceTree = "<group>"; };
		77E409311CDA590D00D6424E /* Crazy DriveTests.xctest */ = {isa = PBXFileReference; explicitFileType = wrapper.cfbundle; includeInIndex = 0; path = "Crazy DriveTests.xctest"; sourceTree = BUILT_PRODUCTS_DIR; };
		77E409351CDA590D00D6424E /* Crazy_DriveTests.swift */ = {isa = PBXFileReference; lastKnownFileType = sourcecode.swift; path = Crazy_DriveTests.swift; sourceTree = "<group>"; };
		77E409371CDA590D00D6424E /* Info.plist */ = {isa = PBXFileReference; lastKnownFileType = text.plist.xml; path = Info.plist; sourceTree = "<group>"; };
		77E4093C1CDA590D00D6424E /* Crazy DriveUITests.xctest */ = {isa = PBXFileReference; explicitFileType = wrapper.cfbundle; includeInIndex = 0; path = "Crazy DriveUITests.xctest"; sourceTree = BUILT_PRODUCTS_DIR; };
		77E409401CDA590D00D6424E /* Crazy_DriveUITests.swift */ = {isa = PBXFileReference; lastKnownFileType = sourcecode.swift; path = Crazy_DriveUITests.swift; sourceTree = "<group>"; };
		77E409421CDA590D00D6424E /* Info.plist */ = {isa = PBXFileReference; lastKnownFileType = text.plist.xml; path = Info.plist; sourceTree = "<group>"; };
		77E4094E1CDA5A4200D6424E /* Shape.swift */ = {isa = PBXFileReference; fileEncoding = 4; lastKnownFileType = sourcecode.swift; path = Shape.swift; sourceTree = "<group>"; };
		77E409501CDA5C0C00D6424E /* imageManager.swift */ = {isa = PBXFileReference; fileEncoding = 4; lastKnownFileType = sourcecode.swift; path = imageManager.swift; sourceTree = "<group>"; };
		77E409D01CE63B1300D6424E /* Holes.swift */ = {isa = PBXFileReference; fileEncoding = 4; lastKnownFileType = sourcecode.swift; path = Holes.swift; sourceTree = "<group>"; };
		77E409D21CE63C4900D6424E /* Truck.swift */ = {isa = PBXFileReference; fileEncoding = 4; lastKnownFileType = sourcecode.swift; path = Truck.swift; sourceTree = "<group>"; };
		77E409D41CE63D4400D6424E /* BackGround.swift */ = {isa = PBXFileReference; fileEncoding = 4; lastKnownFileType = sourcecode.swift; path = BackGround.swift; sourceTree = "<group>"; };
/* End PBXFileReference section */

/* Begin PBXFrameworksBuildPhase section */
		77E409161CDA590C00D6424E /* Frameworks */ = {
			isa = PBXFrameworksBuildPhase;
			buildActionMask = 2147483647;
			files = (
			);
			runOnlyForDeploymentPostprocessing = 0;
		};
		77E4092E1CDA590D00D6424E /* Frameworks */ = {
			isa = PBXFrameworksBuildPhase;
			buildActionMask = 2147483647;
			files = (
			);
			runOnlyForDeploymentPostprocessing = 0;
		};
		77E409391CDA590D00D6424E /* Frameworks */ = {
			isa = PBXFrameworksBuildPhase;
			buildActionMask = 2147483647;
			files = (
			);
			runOnlyForDeploymentPostprocessing = 0;
		};
/* End PBXFrameworksBuildPhase section */

/* Begin PBXGroup section */
		77E409101CDA590C00D6424E = {
			isa = PBXGroup;
			children = (
				77E4091B1CDA590C00D6424E /* Crazy Drive */,
				77E409341CDA590D00D6424E /* Crazy DriveTests */,
				77E4093F1CDA590D00D6424E /* Crazy DriveUITests */,
				77E4091A1CDA590C00D6424E /* Products */,
			);
			sourceTree = "<group>";
		};
		77E4091A1CDA590C00D6424E /* Products */ = {
			isa = PBXGroup;
			children = (
				77E409191CDA590C00D6424E /* Crazy Drive.app */,
				77E409311CDA590D00D6424E /* Crazy DriveTests.xctest */,
				77E4093C1CDA590D00D6424E /* Crazy DriveUITests.xctest */,
			);
			name = Products;
			sourceTree = "<group>";
		};
		77E4091B1CDA590C00D6424E /* Crazy Drive */ = {
			isa = PBXGroup;
			children = (
				77E4091C1CDA590C00D6424E /* AppDelegate.swift */,
				77E4091E1CDA590D00D6424E /* GameScene.sks */,
				77E409201CDA590D00D6424E /* GameScene.swift */,
				77E409221CDA590D00D6424E /* GameViewController.swift */,
				77E409241CDA590D00D6424E /* Main.storyboard */,
				77E409271CDA590D00D6424E /* Assets.xcassets */,
				77E409291CDA590D00D6424E /* LaunchScreen.storyboard */,
				77E4092C1CDA590D00D6424E /* Info.plist */,
				77E4094E1CDA5A4200D6424E /* Shape.swift */,
				77E409501CDA5C0C00D6424E /* imageManager.swift */,
				77E409D01CE63B1300D6424E /* Holes.swift */,
				77E409D21CE63C4900D6424E /* Truck.swift */,
				77E409D41CE63D4400D6424E /* BackGround.swift */,
				77098C761CFAB2D9009A8B9C /* holeStatus.swift */,
			);
			path = "Crazy Drive";
			sourceTree = "<group>";
		};
		77E409341CDA590D00D6424E /* Crazy DriveTests */ = {
			isa = PBXGroup;
			children = (
				77E409351CDA590D00D6424E /* Crazy_DriveTests.swift */,
				77E409371CDA590D00D6424E /* Info.plist */,
			);
			path = "Crazy DriveTests";
			sourceTree = "<group>";
		};
		77E4093F1CDA590D00D6424E /* Crazy DriveUITests */ = {
			isa = PBXGroup;
			children = (
				77E409401CDA590D00D6424E /* Crazy_DriveUITests.swift */,
				77E409421CDA590D00D6424E /* Info.plist */,
			);
			path = "Crazy DriveUITests";
			sourceTree = "<group>";
		};
/* End PBXGroup section */

/* Begin PBXNativeTarget section */
		77E409181CDA590C00D6424E /* Crazy Drive */ = {
			isa = PBXNativeTarget;
			buildConfigurationList = 77E409451CDA590D00D6424E /* Build configuration list for PBXNativeTarget "Crazy Drive" */;
			buildPhases = (
				77E409151CDA590C00D6424E /* Sources */,
				77E409161CDA590C00D6424E /* Frameworks */,
				77E409171CDA590C00D6424E /* Resources */,
			);
			buildRules = (
			);
			dependencies = (
			);
			name = "Crazy Drive";
			productName = "Crazy Drive";
			productReference = 77E409191CDA590C00D6424E /* Crazy Drive.app */;
			productType = "com.apple.product-type.application";
		};
		77E409301CDA590D00D6424E /* Crazy DriveTests */ = {
			isa = PBXNativeTarget;
			buildConfigurationList = 77E409481CDA590D00D6424E /* Build configuration list for PBXNativeTarget "Crazy DriveTests" */;
			buildPhases = (
				77E4092D1CDA590D00D6424E /* Sources */,
				77E4092E1CDA590D00D6424E /* Frameworks */,
				77E4092F1CDA590D00D6424E /* Resources */,
			);
			buildRules = (
			);
			dependencies = (
				77E409331CDA590D00D6424E /* PBXTargetDependency */,
			);
			name = "Crazy DriveTests";
			productName = "Crazy DriveTests";
			productReference = 77E409311CDA590D00D6424E /* Crazy DriveTests.xctest */;
			productType = "com.apple.product-type.bundle.unit-test";
		};
		77E4093B1CDA590D00D6424E /* Crazy DriveUITests */ = {
			isa = PBXNativeTarget;
			buildConfigurationList = 77E4094B1CDA590D00D6424E /* Build configuration list for PBXNativeTarget "Crazy DriveUITests" */;
			buildPhases = (
				77E409381CDA590D00D6424E /* Sources */,
				77E409391CDA590D00D6424E /* Frameworks */,
				77E4093A1CDA590D00D6424E /* Resources */,
			);
			buildRules = (
			);
			dependencies = (
				77E4093E1CDA590D00D6424E /* PBXTargetDependency */,
			);
			name = "Crazy DriveUITests";
			productName = "Crazy DriveUITests";
			productReference = 77E4093C1CDA590D00D6424E /* Crazy DriveUITests.xctest */;
			productType = "com.apple.product-type.bundle.ui-testing";
		};
/* End PBXNativeTarget section */

/* Begin PBXProject section */
		77E409111CDA590C00D6424E /* Project object */ = {
			isa = PBXProject;
			attributes = {
				LastSwiftUpdateCheck = 0730;
				LastUpgradeCheck = 0730;
				ORGANIZATIONNAME = "Dorsa Norouzi, Ana Costa";
				TargetAttributes = {
					77E409181CDA590C00D6424E = {
						CreatedOnToolsVersion = 7.3;
					};
					77E409301CDA590D00D6424E = {
						CreatedOnToolsVersion = 7.3;
						TestTargetID = 77E409181CDA590C00D6424E;
					};
					77E4093B1CDA590D00D6424E = {
						CreatedOnToolsVersion = 7.3;
						TestTargetID = 77E409181CDA590C00D6424E;
					};
				};
			};
			buildConfigurationList = 77E409141CDA590C00D6424E /* Build configuration list for PBXProject "Crazy Drive" */;
			compatibilityVersion = "Xcode 3.2";
			developmentRegion = English;
			hasScannedForEncodings = 0;
			knownRegions = (
				en,
				Base,
			);
			mainGroup = 77E409101CDA590C00D6424E;
			productRefGroup = 77E4091A1CDA590C00D6424E /* Products */;
			projectDirPath = "";
			projectRoot = "";
			targets = (
				77E409181CDA590C00D6424E /* Crazy Drive */,
				77E409301CDA590D00D6424E /* Crazy DriveTests */,
				77E4093B1CDA590D00D6424E /* Crazy DriveUITests */,
			);
		};
/* End PBXProject section */

/* Begin PBXResourcesBuildPhase section */
		77E409171CDA590C00D6424E /* Resources */ = {
			isa = PBXResourcesBuildPhase;
			buildActionMask = 2147483647;
			files = (
				77E4091F1CDA590D00D6424E /* GameScene.sks in Resources */,
				77E4092B1CDA590D00D6424E /* LaunchScreen.storyboard in Resources */,
				77E409281CDA590D00D6424E /* Assets.xcassets in Resources */,
				77E409261CDA590D00D6424E /* Main.storyboard in Resources */,
			);
			runOnlyForDeploymentPostprocessing = 0;
		};
		77E4092F1CDA590D00D6424E /* Resources */ = {
			isa = PBXResourcesBuildPhase;
			buildActionMask = 2147483647;
			files = (
			);
			runOnlyForDeploymentPostprocessing = 0;
		};
		77E4093A1CDA590D00D6424E /* Resources */ = {
			isa = PBXResourcesBuildPhase;
			buildActionMask = 2147483647;
			files = (
			);
			runOnlyForDeploymentPostprocessing = 0;
		};
/* End PBXResourcesBuildPhase section */

/* Begin PBXSourcesBuildPhase section */
		77E409151CDA590C00D6424E /* Sources */ = {
			isa = PBXSourcesBuildPhase;
			buildActionMask = 2147483647;
			files = (
				77E409211CDA590D00D6424E /* GameScene.swift in Sources */,
				77E409D11CE63B1300D6424E /* Holes.swift in Sources */,
				77098C771CFAB2D9009A8B9C /* holeStatus.swift in Sources */,
				77E409511CDA5C0C00D6424E /* imageManager.swift in Sources */,
				77E409D51CE63D4400D6424E /* BackGround.swift in Sources */,
				77E409231CDA590D00D6424E /* GameViewController.swift in Sources */,
				77E4091D1CDA590C00D6424E /* AppDelegate.swift in Sources */,
				77E4094F1CDA5A4200D6424E /* Shape.swift in Sources */,
				77E409D31CE63C4900D6424E /* Truck.swift in Sources */,
			);
			runOnlyForDeploymentPostprocessing = 0;
		};
		77E4092D1CDA590D00D6424E /* Sources */ = {
			isa = PBXSourcesBuildPhase;
			buildActionMask = 2147483647;
			files = (
				77E409361CDA590D00D6424E /* Crazy_DriveTests.swift in Sources */,
			);
			runOnlyForDeploymentPostprocessing = 0;
		};
		77E409381CDA590D00D6424E /* Sources */ = {
			isa = PBXSourcesBuildPhase;
			buildActionMask = 2147483647;
			files = (
				77E409411CDA590D00D6424E /* Crazy_DriveUITests.swift in Sources */,
			);
			runOnlyForDeploymentPostprocessing = 0;
		};
/* End PBXSourcesBuildPhase section */

/* Begin PBXTargetDependency section */
		77E409331CDA590D00D6424E /* PBXTargetDependency */ = {
			isa = PBXTargetDependency;
			target = 77E409181CDA590C00D6424E /* Crazy Drive */;
			targetProxy = 77E409321CDA590D00D6424E /* PBXContainerItemProxy */;
		};
		77E4093E1CDA590D00D6424E /* PBXTargetDependency */ = {
			isa = PBXTargetDependency;
			target = 77E409181CDA590C00D6424E /* Crazy Drive */;
			targetProxy = 77E4093D1CDA590D00D6424E /* PBXContainerItemProxy */;
		};
/* End PBXTargetDependency section */

/* Begin PBXVariantGroup section */
		77E409241CDA590D00D6424E /* Main.storyboard */ = {
			isa = PBXVariantGroup;
			children = (
				77E409251CDA590D00D6424E /* Base */,
			);
			name = Main.storyboard;
			sourceTree = "<group>";
		};
		77E409291CDA590D00D6424E /* LaunchScreen.storyboard */ = {
			isa = PBXVariantGroup;
			children = (
				77E4092A1CDA590D00D6424E /* Base */,
			);
			name = LaunchScreen.storyboard;
			sourceTree = "<group>";
		};
/* End PBXVariantGroup section */

/* Begin XCBuildConfiguration section */
		77E409431CDA590D00D6424E /* Debug */ = {
			isa = XCBuildConfiguration;
			buildSettings = {
				ALWAYS_SEARCH_USER_PATHS = NO;
				CLANG_ANALYZER_NONNULL = YES;
				CLANG_CXX_LANGUAGE_STANDARD = "gnu++0x";
				CLANG_CXX_LIBRARY = "libc++";
				CLANG_ENABLE_MODULES = YES;
				CLANG_ENABLE_OBJC_ARC = YES;
				CLANG_WARN_BOOL_CONVERSION = YES;
				CLANG_WARN_CONSTANT_CONVERSION = YES;
				CLANG_WARN_DIRECT_OBJC_ISA_USAGE = YES_ERROR;
				CLANG_WARN_EMPTY_BODY = YES;
				CLANG_WARN_ENUM_CONVERSION = YES;
				CLANG_WARN_INT_CONVERSION = YES;
				CLANG_WARN_OBJC_ROOT_CLASS = YES_ERROR;
				CLANG_WARN_UNREACHABLE_CODE = YES;
				CLANG_WARN__DUPLICATE_METHOD_MATCH = YES;
				"CODE_SIGN_IDENTITY[sdk=iphoneos*]" = "iPhone Developer";
				COPY_PHASE_STRIP = NO;
				DEBUG_INFORMATION_FORMAT = "dwarf-with-dsym";
				ENABLE_STRICT_OBJC_MSGSEND = YES;
				ENABLE_TESTABILITY = YES;
				GCC_C_LANGUAGE_STANDARD = gnu99;
				GCC_DYNAMIC_NO_PIC = NO;
				GCC_NO_COMMON_BLOCKS = YES;
				GCC_OPTIMIZATION_LEVEL = 0;
				GCC_PREPROCESSOR_DEFINITIONS = (
					"DEBUG=1",
					"$(inherited)",
				);
				GCC_WARN_64_TO_32_BIT_CONVERSION = YES;
				GCC_WARN_ABOUT_RETURN_TYPE = YES_ERROR;
				GCC_WARN_UNDECLARED_SELECTOR = YES;
				GCC_WARN_UNINITIALIZED_AUTOS = YES_AGGRESSIVE;
				GCC_WARN_UNUSED_FUNCTION = YES;
				GCC_WARN_UNUSED_VARIABLE = YES;
				IPHONEOS_DEPLOYMENT_TARGET = 9.3;
				MTL_ENABLE_DEBUG_INFO = YES;
				ONLY_ACTIVE_ARCH = YES;
				SDKROOT = iphoneos;
				SWIFT_OPTIMIZATION_LEVEL = "-Onone";
			};
			name = Debug;
		};
		77E409441CDA590D00D6424E /* Release */ = {
			isa = XCBuildConfiguration;
			buildSettings = {
				ALWAYS_SEARCH_USER_PATHS = NO;
				CLANG_ANALYZER_NONNULL = YES;
				CLANG_CXX_LANGUAGE_STANDARD = "gnu++0x";
				CLANG_CXX_LIBRARY = "libc++";
				CLANG_ENABLE_MODULES = YES;
				CLANG_ENABLE_OBJC_ARC = YES;
				CLANG_WARN_BOOL_CONVERSION = YES;
				CLANG_WARN_CONSTANT_CONVERSION = YES;
				CLANG_WARN_DIRECT_OBJC_ISA_USAGE = YES_ERROR;
				CLANG_WARN_EMPTY_BODY = YES;
				CLANG_WARN_ENUM_CONVERSION = YES;
				CLANG_WARN_INT_CONVERSION = YES;
				CLANG_WARN_OBJC_ROOT_CLASS = YES_ERROR;
				CLANG_WARN_UNREACHABLE_CODE = YES;
				CLANG_WARN__DUPLICATE_METHOD_MATCH = YES;
				"CODE_SIGN_IDENTITY[sdk=iphoneos*]" = "iPhone Developer";
				COPY_PHASE_STRIP = NO;
				DEBUG_INFORMATION_FORMAT = "dwarf-with-dsym";
				ENABLE_NS_ASSERTIONS = NO;
				ENABLE_STRICT_OBJC_MSGSEND = YES;
				GCC_C_LANGUAGE_STANDARD = gnu99;
				GCC_NO_COMMON_BLOCKS = YES;
				GCC_WARN_64_TO_32_BIT_CONVERSION = YES;
				GCC_WARN_ABOUT_RETURN_TYPE = YES_ERROR;
				GCC_WARN_UNDECLARED_SELECTOR = YES;
				GCC_WARN_UNINITIALIZED_AUTOS = YES_AGGRESSIVE;
				GCC_WARN_UNUSED_FUNCTION = YES;
				GCC_WARN_UNUSED_VARIABLE = YES;
				IPHONEOS_DEPLOYMENT_TARGET = 9.3;
				MTL_ENABLE_DEBUG_INFO = NO;
				SDKROOT = iphoneos;
				VALIDATE_PRODUCT = YES;
			};
			name = Release;
		};
		77E409461CDA590D00D6424E /* Debug */ = {
			isa = XCBuildConfiguration;
			buildSettings = {
				ASSETCATALOG_COMPILER_APPICON_NAME = AppIcon;
				INFOPLIST_FILE = "Crazy Drive/Info.plist";
				LD_RUNPATH_SEARCH_PATHS = "$(inherited) @executable_path/Frameworks";
				PRODUCT_BUNDLE_IDENTIFIER = "dorsa.Crazy-Drive";
				PRODUCT_NAME = "$(TARGET_NAME)";
			};
			name = Debug;
		};
		77E409471CDA590D00D6424E /* Release */ = {
			isa = XCBuildConfiguration;
			buildSettings = {
				ASSETCATALOG_COMPILER_APPICON_NAME = AppIcon;
				INFOPLIST_FILE = "Crazy Drive/Info.plist";
				LD_RUNPATH_SEARCH_PATHS = "$(inherited) @executable_path/Frameworks";
				PRODUCT_BUNDLE_IDENTIFIER = "dorsa.Crazy-Drive";
				PRODUCT_NAME = "$(TARGET_NAME)";
			};
			name = Release;
		};
		77E409491CDA590D00D6424E /* Debug */ = {
			isa = XCBuildConfiguration;
			buildSettings = {
				BUNDLE_LOADER = "$(TEST_HOST)";
				DEBUG_INFORMATION_FORMAT = dwarf;
				INFOPLIST_FILE = "Crazy DriveTests/Info.plist";
				LD_RUNPATH_SEARCH_PATHS = "$(inherited) @executable_path/Frameworks @loader_path/Frameworks";
				PRODUCT_BUNDLE_IDENTIFIER = "dorsa.Crazy-DriveTests";
				PRODUCT_NAME = "$(TARGET_NAME)";
				TEST_HOST = "$(BUILT_PRODUCTS_DIR)/Crazy Drive.app/Crazy Drive";
			};
			name = Debug;
		};
		77E4094A1CDA590D00D6424E /* Release */ = {
			isa = XCBuildConfiguration;
			buildSettings = {
				BUNDLE_LOADER = "$(TEST_HOST)";
				INFOPLIST_FILE = "Crazy DriveTests/Info.plist";
				LD_RUNPATH_SEARCH_PATHS = "$(inherited) @executable_path/Frameworks @loader_path/Frameworks";
				PRODUCT_BUNDLE_IDENTIFIER = "dorsa.Crazy-DriveTests";
				PRODUCT_NAME = "$(TARGET_NAME)";
				TEST_HOST = "$(BUILT_PRODUCTS_DIR)/Crazy Drive.app/Crazy Drive";
			};
			name = Release;
		};
		77E4094C1CDA590D00D6424E /* Debug */ = {
			isa = XCBuildConfiguration;
			buildSettings = {
				DEBUG_INFORMATION_FORMAT = dwarf;
				INFOPLIST_FILE = "Crazy DriveUITests/Info.plist";
				LD_RUNPATH_SEARCH_PATHS = "$(inherited) @executable_path/Frameworks @loader_path/Frameworks";
				PRODUCT_BUNDLE_IDENTIFIER = "dorsa.Crazy-DriveUITests";
				PRODUCT_NAME = "$(TARGET_NAME)";
				TEST_TARGET_NAME = "Crazy Drive";
			};
			name = Debug;
		};
		77E4094D1CDA590D00D6424E /* Release */ = {
			isa = XCBuildConfiguration;
			buildSettings = {
				INFOPLIST_FILE = "Crazy DriveUITests/Info.plist";
				LD_RUNPATH_SEARCH_PATHS = "$(inherited) @executable_path/Frameworks @loader_path/Frameworks";
				PRODUCT_BUNDLE_IDENTIFIER = "dorsa.Crazy-DriveUITests";
				PRODUCT_NAME = "$(TARGET_NAME)";
				TEST_TARGET_NAME = "Crazy Drive";
			};
			name = Release;
		};
/* End XCBuildConfiguration section */

/* Begin XCConfigurationList section */
		77E409141CDA590C00D6424E /* Build configuration list for PBXProject "Crazy Drive" */ = {
			isa = XCConfigurationList;
			buildConfigurations = (
				77E409431CDA590D00D6424E /* Debug */,
				77E409441CDA590D00D6424E /* Release */,
			);
			defaultConfigurationIsVisible = 0;
			defaultConfigurationName = Release;
		};
		77E409451CDA590D00D6424E /* Build configuration list for PBXNativeTarget "Crazy Drive" */ = {
			isa = XCConfigurationList;
			buildConfigurations = (
				77E409461CDA590D00D6424E /* Debug */,
				77E409471CDA590D00D6424E /* Release */,
			);
			defaultConfigurationIsVisible = 0;
			defaultConfigurationName = Release;
		};
		77E409481CDA590D00D6424E /* Build configuration list for PBXNativeTarget "Crazy DriveTests" */ = {
			isa = XCConfigurationList;
			buildConfigurations = (
				77E409491CDA590D00D6424E /* Debug */,
				77E4094A1CDA590D00D6424E /* Release */,
			);
			defaultConfigurationIsVisible = 0;
			defaultConfigurationName = Release;
		};
		77E4094B1CDA590D00D6424E /* Build configuration list for PBXNativeTarget "Crazy DriveUITests" */ = {
			isa = XCConfigurationList;
			buildConfigurations = (
				77E4094C1CDA590D00D6424E /* Debug */,
				77E4094D1CDA590D00D6424E /* Release */,
			);
			defaultConfigurationIsVisible = 0;
			defaultConfigurationName = Release;
		};
/* End XCConfigurationList section */
	};
	rootObject = 77E409111CDA590C00D6424E /* Project object */;
}
